
Microsoft Visual Studio Solution File, Format Version 12.00
# Visual Studio Version 17
VisualStudioVersion = 17.12.35514.174 d17.12
MinimumVisualStudioVersion = 10.0.40219.1
Project("{FAE04EC0-301F-11D3-BF4B-00C04F79EFBC}") = "TaskManager.API", "TaskManager.API\TaskManager.API.csproj", "{69C60EB3-F7B2-4420-B9DF-769784908875}"
EndProject
Project("{FAE04EC0-301F-11D3-BF4B-00C04F79EFBC}") = "TaskManager.Application", "TaskManager.Application\TaskManager.Application.csproj", "{51CE907F-0BF7-4B6F-BCC9-B08586BCC515}"
EndProject
Project("{FAE04EC0-301F-11D3-BF4B-00C04F79EFBC}") = "TaskManager.Communication", "TaskManager.Communication\TaskManager.Communication.csproj", "{663B1E2F-FAF0-420B-8672-079B73A0447A}"
EndProject
Global
	GlobalSection(SolutionConfigurationPlatforms) = preSolution
		Debug|Any CPU = Debug|Any CPU
		Release|Any CPU = Release|Any CPU
	EndGlobalSection
	GlobalSection(ProjectConfigurationPlatforms) = postSolution
		{69C60EB3-F7B2-4420-B9DF-769784908875}.Debug|Any CPU.ActiveCfg = Debug|Any CPU
		{69C60EB3-F7B2-4420-B9DF-769784908875}.Debug|Any CPU.Build.0 = Debug|Any CPU
		{69C60EB3-F7B2-4420-B9DF-769784908875}.Release|Any CPU.ActiveCfg = Release|Any CPU
		{69C60EB3-F7B2-4420-B9DF-769784908875}.Release|Any CPU.Build.0 = Release|Any CPU
		{51CE907F-0BF7-4B6F-BCC9-B08586BCC515}.Debug|Any CPU.ActiveCfg = Debug|Any CPU
		{51CE907F-0BF7-4B6F-BCC9-B08586BCC515}.Debug|Any CPU.Build.0 = Debug|Any CPU
		{51CE907F-0BF7-4B6F-BCC9-B08586BCC515}.Release|Any CPU.ActiveCfg = Release|Any CPU
		{51CE907F-0BF7-4B6F-BCC9-B08586BCC515}.Release|Any CPU.Build.0 = Release|Any CPU
		{663B1E2F-FAF0-420B-8672-079B73A0447A}.Debug|Any CPU.ActiveCfg = Debug|Any CPU
		{663B1E2F-FAF0-420B-8672-079B73A0447A}.Debug|Any CPU.Build.0 = Debug|Any CPU
		{663B1E2F-FAF0-420B-8672-079B73A0447A}.Release|Any CPU.ActiveCfg = Release|Any CPU
		{663B1E2F-FAF0-420B-8672-079B73A0447A}.Release|Any CPU.Build.0 = Release|Any CPU
	EndGlobalSection
	GlobalSection(SolutionProperties) = preSolution
		HideSolutionNode = FALSE
	EndGlobalSection
EndGlobal
